
Microsoft Visual Studio Solution File, Format Version 12.00
# Visual Studio 15
VisualStudioVersion = 15.0.28307.421
MinimumVisualStudioVersion = 10.0.40219.1
Project("{FAE04EC0-301F-11D3-BF4B-00C04F79EFBC}") = "EmmasCauseShop", "EmmasCauseShop\EmmasCauseShop.csproj", "{10AFB7CD-BFD1-46ED-A9AE-8D9C845ACB2B}"
EndProject
Global
	GlobalSection(SolutionConfigurationPlatforms) = preSolution
		Debug|Any CPU = Debug|Any CPU
		Release|Any CPU = Release|Any CPU
	EndGlobalSection
	GlobalSection(ProjectConfigurationPlatforms) = postSolution
		{10AFB7CD-BFD1-46ED-A9AE-8D9C845ACB2B}.Debug|Any CPU.ActiveCfg = Debug|Any CPU
		{10AFB7CD-BFD1-46ED-A9AE-8D9C845ACB2B}.Debug|Any CPU.Build.0 = Debug|Any CPU
		{10AFB7CD-BFD1-46ED-A9AE-8D9C845ACB2B}.Release|Any CPU.ActiveCfg = Release|Any CPU
		{10AFB7CD-BFD1-46ED-A9AE-8D9C845ACB2B}.Release|Any CPU.Build.0 = Release|Any CPU
	EndGlobalSection
	GlobalSection(SolutionProperties) = preSolution
		HideSolutionNode = FALSE
	EndGlobalSection
	GlobalSection(ExtensibilityGlobals) = postSolution
		SolutionGuid = {9B1A09A0-8AF9-496C-9F2A-B8D8D9F96F2A}
	EndGlobalSection
EndGlobal
